
Microsoft Visual Studio Solution File, Format Version 12.00
# Visual Studio Version 17
VisualStudioVersion = 17.5.33627.172
MinimumVisualStudioVersion = 10.0.40219.1
Project("{FAE04EC0-301F-11D3-BF4B-00C04F79EFBC}") = "consoleapp-template", "consoleapp-template\consoleapp-template.csproj", "{DA18D713-C7FE-44CE-AD67-0565E987FAA0}"
EndProject
Global
	GlobalSection(SolutionConfigurationPlatforms) = preSolution
		Debug|Any CPU = Debug|Any CPU
		Release|Any CPU = Release|Any CPU
	EndGlobalSection
	GlobalSection(ProjectConfigurationPlatforms) = postSolution
		{DA18D713-C7FE-44CE-AD67-0565E987FAA0}.Debug|Any CPU.ActiveCfg = Debug|Any CPU
		{DA18D713-C7FE-44CE-AD67-0565E987FAA0}.Debug|Any CPU.Build.0 = Debug|Any CPU
		{DA18D713-C7FE-44CE-AD67-0565E987FAA0}.Release|Any CPU.ActiveCfg = Release|Any CPU
		{DA18D713-C7FE-44CE-AD67-0565E987FAA0}.Release|Any CPU.Build.0 = Release|Any CPU
	EndGlobalSection
	GlobalSection(SolutionProperties) = preSolution
		HideSolutionNode = FALSE
	EndGlobalSection
	GlobalSection(ExtensibilityGlobals) = postSolution
		SolutionGuid = {7BD97020-8EF7-4E43-ABF9-57B8ACF6F339}
	EndGlobalSection
EndGlobal
